// !$*UTF8*$!
{
	archiveVersion = 1;
	classes = {
	};
	objectVersion = 50;
	objects = {

/* Begin PBXBuildFile section */
		D90F3174227BF30900443A47 /* CodingKeyDemoTests.swift in Sources */ = {isa = PBXBuildFile; fileRef = D90F3173227BF30900443A47 /* CodingKeyDemoTests.swift */; };
		D941FAA0227ACBC000DB52E9 /* AppDelegate.swift in Sources */ = {isa = PBXBuildFile; fileRef = D941FA9F227ACBC000DB52E9 /* AppDelegate.swift */; };
		D941FAA2227ACBC000DB52E9 /* ViewController.swift in Sources */ = {isa = PBXBuildFile; fileRef = D941FAA1227ACBC000DB52E9 /* ViewController.swift */; };
		D941FAA5227ACBC000DB52E9 /* Main.storyboard in Resources */ = {isa = PBXBuildFile; fileRef = D941FAA3227ACBC000DB52E9 /* Main.storyboard */; };
		D941FAA7227ACBC200DB52E9 /* Assets.xcassets in Resources */ = {isa = PBXBuildFile; fileRef = D941FAA6227ACBC200DB52E9 /* Assets.xcassets */; };
		D941FAAA227ACBC200DB52E9 /* LaunchScreen.storyboard in Resources */ = {isa = PBXBuildFile; fileRef = D941FAA8227ACBC200DB52E9 /* LaunchScreen.storyboard */; };
		D941FAB3227ACD3500DB52E9 /* MyDecodable.swift in Sources */ = {isa = PBXBuildFile; fileRef = D941FAB2227ACD3500DB52E9 /* MyDecodable.swift */; };
		D941FAB5227ACD4200DB52E9 /* MyEncodable.swift in Sources */ = {isa = PBXBuildFile; fileRef = D941FAB4227ACD4200DB52E9 /* MyEncodable.swift */; };
/* End PBXBuildFile section */

/* Begin PBXContainerItemProxy section */
		D90F3176227BF30900443A47 /* PBXContainerItemProxy */ = {
			isa = PBXContainerItemProxy;
			containerPortal = D941FA94227ACBC000DB52E9 /* Project object */;
			proxyType = 1;
			remoteGlobalIDString = D941FA9B227ACBC000DB52E9;
			remoteInfo = CodingKeyDemo;
		};
/* End PBXContainerItemProxy section */

/* Begin PBXFileReference section */
		D90F3171227BF30900443A47 /* CodingKeyDemoTests.xctest */ = {isa = PBXFileReference; explicitFileType = wrapper.cfbundle; includeInIndex = 0; path = CodingKeyDemoTests.xctest; sourceTree = BUILT_PRODUCTS_DIR; };
		D90F3173227BF30900443A47 /* CodingKeyDemoTests.swift */ = {isa = PBXFileReference; lastKnownFileType = sourcecode.swift; path = CodingKeyDemoTests.swift; sourceTree = "<group>"; };
		D90F3175227BF30900443A47 /* Info.plist */ = {isa = PBXFileReference; lastKnownFileType = text.plist.xml; path = Info.plist; sourceTree = "<group>"; };
		D941FA9C227ACBC000DB52E9 /* CodingKeyDemo.app */ = {isa = PBXFileReference; explicitFileType = wrapper.application; includeInIndex = 0; path = CodingKeyDemo.app; sourceTree = BUILT_PRODUCTS_DIR; };
		D941FA9F227ACBC000DB52E9 /* AppDelegate.swift */ = {isa = PBXFileReference; lastKnownFileType = sourcecode.swift; path = AppDelegate.swift; sourceTree = "<group>"; };
		D941FAA1227ACBC000DB52E9 /* ViewController.swift */ = {isa = PBXFileReference; lastKnownFileType = sourcecode.swift; path = ViewController.swift; sourceTree = "<group>"; };
		D941FAA4227ACBC000DB52E9 /* Base */ = {isa = PBXFileReference; lastKnownFileType = file.storyboard; name = Base; path = Base.lproj/Main.storyboard; sourceTree = "<group>"; };
		D941FAA6227ACBC200DB52E9 /* Assets.xcassets */ = {isa = PBXFileReference; lastKnownFileType = folder.assetcatalog; path = Assets.xcassets; sourceTree = "<group>"; };
		D941FAA9227ACBC200DB52E9 /* Base */ = {isa = PBXFileReference; lastKnownFileType = file.storyboard; name = Base; path = Base.lproj/LaunchScreen.storyboard; sourceTree = "<group>"; };
		D941FAAB227ACBC200DB52E9 /* Info.plist */ = {isa = PBXFileReference; lastKnownFileType = text.plist.xml; path = Info.plist; sourceTree = "<group>"; };
		D941FAB2227ACD3500DB52E9 /* MyDecodable.swift */ = {isa = PBXFileReference; lastKnownFileType = sourcecode.swift; path = MyDecodable.swift; sourceTree = "<group>"; };
		D941FAB4227ACD4200DB52E9 /* MyEncodable.swift */ = {isa = PBXFileReference; lastKnownFileType = sourcecode.swift; path = MyEncodable.swift; sourceTree = "<group>"; };
/* End PBXFileReference section */

/* Begin PBXFrameworksBuildPhase section */
		D90F316E227BF30900443A47 /* Frameworks */ = {
			isa = PBXFrameworksBuildPhase;
			buildActionMask = 2147483647;
			files = (
			);
			runOnlyForDeploymentPostprocessing = 0;
		};
		D941FA99227ACBC000DB52E9 /* Frameworks */ = {
			isa = PBXFrameworksBuildPhase;
			buildActionMask = 2147483647;
			files = (
			);
			runOnlyForDeploymentPostprocessing = 0;
		};
/* End PBXFrameworksBuildPhase section */

/* Begin PBXGroup section */
		D90F3172227BF30900443A47 /* CodingKeyDemoTests */ = {
			isa = PBXGroup;
			children = (
				D90F3173227BF30900443A47 /* CodingKeyDemoTests.swift */,
				D90F3175227BF30900443A47 /* Info.plist */,
			);
			path = CodingKeyDemoTests;
			sourceTree = "<group>";
		};
		D941FA93227ACBC000DB52E9 = {
			isa = PBXGroup;
			children = (
				D941FA9E227ACBC000DB52E9 /* CodingKeyDemo */,
				D90F3172227BF30900443A47 /* CodingKeyDemoTests */,
				D941FA9D227ACBC000DB52E9 /* Products */,
			);
			sourceTree = "<group>";
		};
		D941FA9D227ACBC000DB52E9 /* Products */ = {
			isa = PBXGroup;
			children = (
				D941FA9C227ACBC000DB52E9 /* CodingKeyDemo.app */,
				D90F3171227BF30900443A47 /* CodingKeyDemoTests.xctest */,
			);
			name = Products;
			sourceTree = "<group>";
		};
		D941FA9E227ACBC000DB52E9 /* CodingKeyDemo */ = {
			isa = PBXGroup;
			children = (
				D941FAB1227ACBD800DB52E9 /* Codables */,
				D941FA9F227ACBC000DB52E9 /* AppDelegate.swift */,
				D941FAA1227ACBC000DB52E9 /* ViewController.swift */,
				D941FAA3227ACBC000DB52E9 /* Main.storyboard */,
				D941FAA6227ACBC200DB52E9 /* Assets.xcassets */,
				D941FAA8227ACBC200DB52E9 /* LaunchScreen.storyboard */,
				D941FAAB227ACBC200DB52E9 /* Info.plist */,
			);
			path = CodingKeyDemo;
			sourceTree = "<group>";
		};
		D941FAB1227ACBD800DB52E9 /* Codables */ = {
			isa = PBXGroup;
			children = (
				D941FAB2227ACD3500DB52E9 /* MyDecodable.swift */,
				D941FAB4227ACD4200DB52E9 /* MyEncodable.swift */,
			);
			path = Codables;
			sourceTree = "<group>";
		};
/* End PBXGroup section */

/* Begin PBXNativeTarget section */
		D90F3170227BF30900443A47 /* CodingKeyDemoTests */ = {
			isa = PBXNativeTarget;
			buildConfigurationList = D90F317A227BF30900443A47 /* Build configuration list for PBXNativeTarget "CodingKeyDemoTests" */;
			buildPhases = (
				D90F316D227BF30900443A47 /* Sources */,
				D90F316E227BF30900443A47 /* Frameworks */,
				D90F316F227BF30900443A47 /* Resources */,
			);
			buildRules = (
			);
			dependencies = (
				D90F3177227BF30900443A47 /* PBXTargetDependency */,
			);
			name = CodingKeyDemoTests;
			productName = CodingKeyDemoTests;
			productReference = D90F3171227BF30900443A47 /* CodingKeyDemoTests.xctest */;
			productType = "com.apple.product-type.bundle.unit-test";
		};
		D941FA9B227ACBC000DB52E9 /* CodingKeyDemo */ = {
			isa = PBXNativeTarget;
			buildConfigurationList = D941FAAE227ACBC200DB52E9 /* Build configuration list for PBXNativeTarget "CodingKeyDemo" */;
			buildPhases = (
				D941FA98227ACBC000DB52E9 /* Sources */,
				D941FA99227ACBC000DB52E9 /* Frameworks */,
				D941FA9A227ACBC000DB52E9 /* Resources */,
			);
			buildRules = (
			);
			dependencies = (
			);
			name = CodingKeyDemo;
			productName = CodingKeyDemo;
			productReference = D941FA9C227ACBC000DB52E9 /* CodingKeyDemo.app */;
			productType = "com.apple.product-type.application";
		};
/* End PBXNativeTarget section */

/* Begin PBXProject section */
		D941FA94227ACBC000DB52E9 /* Project object */ = {
			isa = PBXProject;
			attributes = {
				LastSwiftUpdateCheck = 1010;
				LastUpgradeCheck = 1010;
				ORGANIZATIONNAME = Sylvia;
				TargetAttributes = {
					D90F3170227BF30900443A47 = {
						CreatedOnToolsVersion = 10.1;
						TestTargetID = D941FA9B227ACBC000DB52E9;
					};
					D941FA9B227ACBC000DB52E9 = {
						CreatedOnToolsVersion = 10.1;
					};
				};
			};
			buildConfigurationList = D941FA97227ACBC000DB52E9 /* Build configuration list for PBXProject "CodingKeyDemo" */;
			compatibilityVersion = "Xcode 9.3";
			developmentRegion = en;
			hasScannedForEncodings = 0;
			knownRegions = (
				en,
				Base,
			);
			mainGroup = D941FA93227ACBC000DB52E9;
			productRefGroup = D941FA9D227ACBC000DB52E9 /* Products */;
			projectDirPath = "";
			projectRoot = "";
			targets = (
				D941FA9B227ACBC000DB52E9 /* CodingKeyDemo */,
				D90F3170227BF30900443A47 /* CodingKeyDemoTests */,
			);
		};
/* End PBXProject section */

/* Begin PBXResourcesBuildPhase section */
		D90F316F227BF30900443A47 /* Resources */ = {
			isa = PBXResourcesBuildPhase;
			buildActionMask = 2147483647;
			files = (
			);
			runOnlyForDeploymentPostprocessing = 0;
		};
		D941FA9A227ACBC000DB52E9 /* Resources */ = {
			isa = PBXResourcesBuildPhase;
			buildActionMask = 2147483647;
			files = (
				D941FAAA227ACBC200DB52E9 /* LaunchScreen.storyboard in Resources */,
				D941FAA7227ACBC200DB52E9 /* Assets.xcassets in Resources */,
				D941FAA5227ACBC000DB52E9 /* Main.storyboard in Resources */,
			);
			runOnlyForDeploymentPostprocessing = 0;
		};
/* End PBXResourcesBuildPhase section */

/* Begin PBXSourcesBuildPhase section */
		D90F316D227BF30900443A47 /* Sources */ = {
			isa = PBXSourcesBuildPhase;
			buildActionMask = 2147483647;
			files = (
				D90F3174227BF30900443A47 /* CodingKeyDemoTests.swift in Sources */,
			);
			runOnlyForDeploymentPostprocessing = 0;
		};
		D941FA98227ACBC000DB52E9 /* Sources */ = {
			isa = PBXSourcesBuildPhase;
			buildActionMask = 2147483647;
			files = (
				D941FAB3227ACD3500DB52E9 /* MyDecodable.swift in Sources */,
				D941FAA2227ACBC000DB52E9 /* ViewController.swift in Sources */,
				D941FAA0227ACBC000DB52E9 /* AppDelegate.swift in Sources */,
				D941FAB5227ACD4200DB52E9 /* MyEncodable.swift in Sources */,
			);
			runOnlyForDeploymentPostprocessing = 0;
		};
/* End PBXSourcesBuildPhase section */

/* Begin PBXTargetDependency section */
		D90F3177227BF30900443A47 /* PBXTargetDependency */ = {
			isa = PBXTargetDependency;
			target = D941FA9B227ACBC000DB52E9 /* CodingKeyDemo */;
			targetProxy = D90F3176227BF30900443A47 /* PBXContainerItemProxy */;
		};
/* End PBXTargetDependency section */

/* Begin PBXVariantGroup section */
		D941FAA3227ACBC000DB52E9 /* Main.storyboard */ = {
			isa = PBXVariantGroup;
			children = (
				D941FAA4227ACBC000DB52E9 /* Base */,
			);
			name = Main.storyboard;
			sourceTree = "<group>";
		};
		D941FAA8227ACBC200DB52E9 /* LaunchScreen.storyboard */ = {
			isa = PBXVariantGroup;
			children = (
				D941FAA9227ACBC200DB52E9 /* Base */,
			);
			name = LaunchScreen.storyboard;
			sourceTree = "<group>";
		};
/* End PBXVariantGroup section */

/* Begin XCBuildConfiguration section */
		D90F3178227BF30900443A47 /* Debug */ = {
			isa = XCBuildConfiguration;
			buildSettings = {
				BUNDLE_LOADER = "$(TEST_HOST)";
				CODE_SIGN_STYLE = Automatic;
				INFOPLIST_FILE = CodingKeyDemoTests/Info.plist;
				LD_RUNPATH_SEARCH_PATHS = (
					"$(inherited)",
					"@executable_path/Frameworks",
					"@loader_path/Frameworks",
				);
				PRODUCT_BUNDLE_IDENTIFIER = Esperanca.CodingKeyDemoTests;
				PRODUCT_NAME = "$(TARGET_NAME)";
				SWIFT_VERSION = 4.2;
				TARGETED_DEVICE_FAMILY = "1,2";
				TEST_HOST = "$(BUILT_PRODUCTS_DIR)/CodingKeyDemo.app/CodingKeyDemo";
			};
			name = Debug;
		};
		D90F3179227BF30900443A47 /* Release */ = {
			isa = XCBuildConfiguration;
			buildSettings = {
				BUNDLE_LOADER = "$(TEST_HOST)";
				CODE_SIGN_STYLE = Automatic;
				INFOPLIST_FILE = CodingKeyDemoTests/Info.plist;
				LD_RUNPATH_SEARCH_PATHS = (
					"$(inherited)",
					"@executable_path/Frameworks",
					"@loader_path/Frameworks",
				);
				PRODUCT_BUNDLE_IDENTIFIER = Esperanca.CodingKeyDemoTests;
				PRODUCT_NAME = "$(TARGET_NAME)";
				SWIFT_VERSION = 4.2;
				TARGETED_DEVICE_FAMILY = "1,2";
				TEST_HOST = "$(BUILT_PRODUCTS_DIR)/CodingKeyDemo.app/CodingKeyDemo";
			};
			name = Release;
		};
		D941FAAC227ACBC200DB52E9 /* Debug */ = {
			isa = XCBuildConfiguration;
			buildSettings = {
				ALWAYS_SEARCH_USER_PATHS = NO;
				CLANG_ANALYZER_NONNULL = YES;
				CLANG_ANALYZER_NUMBER_OBJECT_CONVERSION = YES_AGGRESSIVE;
				CLANG_CXX_LANGUAGE_STANDARD = "gnu++14";
				CLANG_CXX_LIBRARY = "libc++";
				CLANG_ENABLE_MODULES = YES;
				CLANG_ENABLE_OBJC_ARC = YES;
				CLANG_ENABLE_OBJC_WEAK = YES;
				CLANG_WARN_BLOCK_CAPTURE_AUTORELEASING = YES;
				CLANG_WARN_BOOL_CONVERSION = YES;
				CLANG_WARN_COMMA = YES;
				CLANG_WARN_CONSTANT_CONVERSION = YES;
				CLANG_WARN_DEPRECATED_OBJC_IMPLEMENTATIONS = YES;
				CLANG_WARN_DIRECT_OBJC_ISA_USAGE = YES_ERROR;
				CLANG_WARN_DOCUMENTATION_COMMENTS = YES;
				CLANG_WARN_EMPTY_BODY = YES;
				CLANG_WARN_ENUM_CONVERSION = YES;
				CLANG_WARN_INFINITE_RECURSION = YES;
				CLANG_WARN_INT_CONVERSION = YES;
				CLANG_WARN_NON_LITERAL_NULL_CONVERSION = YES;
				CLANG_WARN_OBJC_IMPLICIT_RETAIN_SELF = YES;
				CLANG_WARN_OBJC_LITERAL_CONVERSION = YES;
				CLANG_WARN_OBJC_ROOT_CLASS = YES_ERROR;
				CLANG_WARN_RANGE_LOOP_ANALYSIS = YES;
				CLANG_WARN_STRICT_PROTOTYPES = YES;
				CLANG_WARN_SUSPICIOUS_MOVE = YES;
				CLANG_WARN_UNGUARDED_AVAILABILITY = YES_AGGRESSIVE;
				CLANG_WARN_UNREACHABLE_CODE = YES;
				CLANG_WARN__DUPLICATE_METHOD_MATCH = YES;
				CODE_SIGN_IDENTITY = "iPhone Developer";
				COPY_PHASE_STRIP = NO;
				DEBUG_INFORMATION_FORMAT = dwarf;
				ENABLE_STRICT_OBJC_MSGSEND = YES;
				ENABLE_TESTABILITY = YES;
				GCC_C_LANGUAGE_STANDARD = gnu11;
				GCC_DYNAMIC_NO_PIC = NO;
				GCC_NO_COMMON_BLOCKS = YES;
				GCC_OPTIMIZATION_LEVEL = 0;
				GCC_PREPROCESSOR_DEFINITIONS = (
					"DEBUG=1",
					"$(inherited)",
				);
				GCC_WARN_64_TO_32_BIT_CONVERSION = YES;
				GCC_WARN_ABOUT_RETURN_TYPE = YES_ERROR;
				GCC_WARN_UNDECLARED_SELECTOR = YES;
				GCC_WARN_UNINITIALIZED_AUTOS = YES_AGGRESSIVE;
				GCC_WARN_UNUSED_FUNCTION = YES;
				GCC_WARN_UNUSED_VARIABLE = YES;
				IPHONEOS_DEPLOYMENT_TARGET = 12.1;
				MTL_ENABLE_DEBUG_INFO = INCLUDE_SOURCE;
				MTL_FAST_MATH = YES;
				ONLY_ACTIVE_ARCH = YES;
				SDKROOT = iphoneos;
				SWIFT_ACTIVE_COMPILATION_CONDITIONS = DEBUG;
				SWIFT_OPTIMIZATION_LEVEL = "-Onone";
			};
			name = Debug;
		};
		D941FAAD227ACBC200DB52E9 /* Release */ = {
			isa = XCBuildConfiguration;
			buildSettings = {
				ALWAYS_SEARCH_USER_PATHS = NO;
				CLANG_ANALYZER_NONNULL = YES;
				CLANG_ANALYZER_NUMBER_OBJECT_CONVERSION = YES_AGGRESSIVE;
				CLANG_CXX_LANGUAGE_STANDARD = "gnu++14";
				CLANG_CXX_LIBRARY = "libc++";
				CLANG_ENABLE_MODULES = YES;
				CLANG_ENABLE_OBJC_ARC = YES;
				CLANG_ENABLE_OBJC_WEAK = YES;
				CLANG_WARN_BLOCK_CAPTURE_AUTORELEASING = YES;
				CLANG_WARN_BOOL_CONVERSION = YES;
				CLANG_WARN_COMMA = YES;
				CLANG_WARN_CONSTANT_CONVERSION = YES;
				CLANG_WARN_DEPRECATED_OBJC_IMPLEMENTATIONS = YES;
				CLANG_WARN_DIRECT_OBJC_ISA_USAGE = YES_ERROR;
				CLANG_WARN_DOCUMENTATION_COMMENTS = YES;
				CLANG_WARN_EMPTY_BODY = YES;
				CLANG_WARN_ENUM_CONVERSION = YES;
				CLANG_WARN_INFINITE_RECURSION = YES;
				CLANG_WARN_INT_CONVERSION = YES;
				CLANG_WARN_NON_LITERAL_NULL_CONVERSION = YES;
				CLANG_WARN_OBJC_IMPLICIT_RETAIN_SELF = YES;
				CLANG_WARN_OBJC_LITERAL_CONVERSION = YES;
				CLANG_WARN_OBJC_ROOT_CLASS = YES_ERROR;
				CLANG_WARN_RANGE_LOOP_ANALYSIS = YES;
				CLANG_WARN_STRICT_PROTOTYPES = YES;
				CLANG_WARN_SUSPICIOUS_MOVE = YES;
				CLANG_WARN_UNGUARDED_AVAILABILITY = YES_AGGRESSIVE;
				CLANG_WARN_UNREACHABLE_CODE = YES;
				CLANG_WARN__DUPLICATE_METHOD_MATCH = YES;
				CODE_SIGN_IDENTITY = "iPhone Developer";
				COPY_PHASE_STRIP = NO;
				DEBUG_INFORMATION_FORMAT = "dwarf-with-dsym";
				ENABLE_NS_ASSERTIONS = NO;
				ENABLE_STRICT_OBJC_MSGSEND = YES;
				GCC_C_LANGUAGE_STANDARD = gnu11;
				GCC_NO_COMMON_BLOCKS = YES;
				GCC_WARN_64_TO_32_BIT_CONVERSION = YES;
				GCC_WARN_ABOUT_RETURN_TYPE = YES_ERROR;
				GCC_WARN_UNDECLARED_SELECTOR = YES;
				GCC_WARN_UNINITIALIZED_AUTOS = YES_AGGRESSIVE;
				GCC_WARN_UNUSED_FUNCTION = YES;
				GCC_WARN_UNUSED_VARIABLE = YES;
				IPHONEOS_DEPLOYMENT_TARGET = 12.1;
				MTL_ENABLE_DEBUG_INFO = NO;
				MTL_FAST_MATH = YES;
				SDKROOT = iphoneos;
				SWIFT_COMPILATION_MODE = wholemodule;
				SWIFT_OPTIMIZATION_LEVEL = "-O";
				VALIDATE_PRODUCT = YES;
			};
			name = Release;
		};
		D941FAAF227ACBC200DB52E9 /* Debug */ = {
			isa = XCBuildConfiguration;
			buildSettings = {
				ASSETCATALOG_COMPILER_APPICON_NAME = AppIcon;
				CODE_SIGN_STYLE = Automatic;
				INFOPLIST_FILE = CodingKeyDemo/Info.plist;
				LD_RUNPATH_SEARCH_PATHS = (
					"$(inherited)",
					"@executable_path/Frameworks",
				);
				PRODUCT_BUNDLE_IDENTIFIER = Esperanca.CodingKeyDemo;
				PRODUCT_NAME = "$(TARGET_NAME)";
				SWIFT_VERSION = 4.2;
				TARGETED_DEVICE_FAMILY = "1,2";
			};
			name = Debug;
		};
		D941FAB0227ACBC200DB52E9 /* Release */ = {
			isa = XCBuildConfiguration;
			buildSettings = {
				ASSETCATALOG_COMPILER_APPICON_NAME = AppIcon;
				CODE_SIGN_STYLE = Automatic;
				INFOPLIST_FILE = CodingKeyDemo/Info.plist;
				LD_RUNPATH_SEARCH_PATHS = (
					"$(inherited)",
					"@executable_path/Frameworks",
				);
				PRODUCT_BUNDLE_IDENTIFIER = Esperanca.CodingKeyDemo;
				PRODUCT_NAME = "$(TARGET_NAME)";
				SWIFT_VERSION = 4.2;
				TARGETED_DEVICE_FAMILY = "1,2";
			};
			name = Release;
		};
/* End XCBuildConfiguration section */

/* Begin XCConfigurationList section */
		D90F317A227BF30900443A47 /* Build configuration list for PBXNativeTarget "CodingKeyDemoTests" */ = {
			isa = XCConfigurationList;
			buildConfigurations = (
				D90F3178227BF30900443A47 /* Debug */,
				D90F3179227BF30900443A47 /* Release */,
			);
			defaultConfigurationIsVisible = 0;
			defaultConfigurationName = Release;
		};
		D941FA97227ACBC000DB52E9 /* Build configuration list for PBXProject "CodingKeyDemo" */ = {
			isa = XCConfigurationList;
			buildConfigurations = (
				D941FAAC227ACBC200DB52E9 /* Debug */,
				D941FAAD227ACBC200DB52E9 /* Release */,
			);
			defaultConfigurationIsVisible = 0;
			defaultConfigurationName = Release;
		};
		D941FAAE227ACBC200DB52E9 /* Build configuration list for PBXNativeTarget "CodingKeyDemo" */ = {
			isa = XCConfigurationList;
			buildConfigurations = (
				D941FAAF227ACBC200DB52E9 /* Debug */,
				D941FAB0227ACBC200DB52E9 /* Release */,
			);
			defaultConfigurationIsVisible = 0;
			defaultConfigurationName = Release;
		};
/* End XCConfigurationList section */
	};
	rootObject = D941FA94227ACBC000DB52E9 /* Project object */;
}
